
Microsoft Visual Studio Solution File, Format Version 12.00
# Visual Studio 15
VisualStudioVersion = 15.0.28010.2041
MinimumVisualStudioVersion = 10.0.40219.1
Project("{FAE04EC0-301F-11D3-BF4B-00C04F79EFBC}") = "Lab11", "Lab11\Lab11.csproj", "{5B1A8567-D477-4028-959D-0EC16AE22129}"
EndProject
Global
	GlobalSection(SolutionConfigurationPlatforms) = preSolution
		Debug|Any CPU = Debug|Any CPU
		Release|Any CPU = Release|Any CPU
	EndGlobalSection
	GlobalSection(ProjectConfigurationPlatforms) = postSolution
		{5B1A8567-D477-4028-959D-0EC16AE22129}.Debug|Any CPU.ActiveCfg = Debug|Any CPU
		{5B1A8567-D477-4028-959D-0EC16AE22129}.Debug|Any CPU.Build.0 = Debug|Any CPU
		{5B1A8567-D477-4028-959D-0EC16AE22129}.Release|Any CPU.ActiveCfg = Release|Any CPU
		{5B1A8567-D477-4028-959D-0EC16AE22129}.Release|Any CPU.Build.0 = Release|Any CPU
	EndGlobalSection
	GlobalSection(SolutionProperties) = preSolution
		HideSolutionNode = FALSE
	EndGlobalSection
	GlobalSection(ExtensibilityGlobals) = postSolution
		SolutionGuid = {9CE18D9F-B2F1-4BBA-A51E-CB233963B398}
	EndGlobalSection
EndGlobal
